
Microsoft Visual Studio Solution File, Format Version 12.00
# Visual Studio Version 17
VisualStudioVersion = 17.14.36518.9 d17.14
MinimumVisualStudioVersion = 10.0.40219.1
Project("{FAE04EC0-301F-11D3-BF4B-00C04F79EFBC}") = "Dsl", "Dsl\Dsl.csproj", "{786C7ADE-7974-4C26-9912-54496608753C}"
EndProject
Project("{FAE04EC0-301F-11D3-BF4B-00C04F79EFBC}") = "DslPackage", "DslPackage\DslPackage.csproj", "{4F399D75-6CC3-4992-BF6C-CE012175512E}"
EndProject
Global
	GlobalSection(SolutionConfigurationPlatforms) = preSolution
		Debug|Any CPU = Debug|Any CPU
		Release|Any CPU = Release|Any CPU
	EndGlobalSection
	GlobalSection(ProjectConfigurationPlatforms) = postSolution
		{786C7ADE-7974-4C26-9912-54496608753C}.Debug|Any CPU.ActiveCfg = Debug|Any CPU
		{786C7ADE-7974-4C26-9912-54496608753C}.Debug|Any CPU.Build.0 = Debug|Any CPU
		{786C7ADE-7974-4C26-9912-54496608753C}.Release|Any CPU.ActiveCfg = Release|Any CPU
		{786C7ADE-7974-4C26-9912-54496608753C}.Release|Any CPU.Build.0 = Release|Any CPU
		{4F399D75-6CC3-4992-BF6C-CE012175512E}.Debug|Any CPU.ActiveCfg = Debug|Any CPU
		{4F399D75-6CC3-4992-BF6C-CE012175512E}.Debug|Any CPU.Build.0 = Debug|Any CPU
		{4F399D75-6CC3-4992-BF6C-CE012175512E}.Release|Any CPU.ActiveCfg = Release|Any CPU
		{4F399D75-6CC3-4992-BF6C-CE012175512E}.Release|Any CPU.Build.0 = Release|Any CPU
	EndGlobalSection
	GlobalSection(SolutionProperties) = preSolution
		HideSolutionNode = FALSE
	EndGlobalSection
	GlobalSection(ExtensibilityGlobals) = postSolution
		SolutionGuid = {C65DC011-05FC-4783-857F-ADFE180F034E}
	EndGlobalSection
EndGlobal
